// !$*UTF8*$!
{
	archiveVersion = 1;
	classes = {
	};
	objectVersion = 56;
	objects = {

/* Begin PBXBuildFile section */
		1324A58D2139548068766DF8 /* Pods_QuickAction.framework in Frameworks */ = {isa = PBXBuildFile; fileRef = 5B869A61A711387937179F04 /* Pods_QuickAction.framework */; };
		C3A972F529A0A7D9002FDDCE /* AppDelegate.swift in Sources */ = {isa = PBXBuildFile; fileRef = C3A972F429A0A7D9002FDDCE /* AppDelegate.swift */; };
		C3A972F729A0A7D9002FDDCE /* SceneDelegate.swift in Sources */ = {isa = PBXBuildFile; fileRef = C3A972F629A0A7D9002FDDCE /* SceneDelegate.swift */; };
		C3A972F929A0A7D9002FDDCE /* ViewController.swift in Sources */ = {isa = PBXBuildFile; fileRef = C3A972F829A0A7D9002FDDCE /* ViewController.swift */; };
		C3A972FC29A0A7D9002FDDCE /* Main.storyboard in Resources */ = {isa = PBXBuildFile; fileRef = C3A972FA29A0A7D9002FDDCE /* Main.storyboard */; };
		C3A972FE29A0A7DB002FDDCE /* Assets.xcassets in Resources */ = {isa = PBXBuildFile; fileRef = C3A972FD29A0A7DB002FDDCE /* Assets.xcassets */; };
		C3A9730129A0A7DB002FDDCE /* LaunchScreen.storyboard in Resources */ = {isa = PBXBuildFile; fileRef = C3A972FF29A0A7DB002FDDCE /* LaunchScreen.storyboard */; };
/* End PBXBuildFile section */

/* Begin PBXFileReference section */
		1D0F7A25153E98ABDA1A6864 /* Pods-QuickAction.release.xcconfig */ = {isa = PBXFileReference; includeInIndex = 1; lastKnownFileType = text.xcconfig; name = "Pods-QuickAction.release.xcconfig"; path = "Target Support Files/Pods-QuickAction/Pods-QuickAction.release.xcconfig"; sourceTree = "<group>"; };
		5B869A61A711387937179F04 /* Pods_QuickAction.framework */ = {isa = PBXFileReference; explicitFileType = wrapper.framework; includeInIndex = 0; path = Pods_QuickAction.framework; sourceTree = BUILT_PRODUCTS_DIR; };
		A7E6297187F205D13C65313C /* Pods-QuickAction.debug.xcconfig */ = {isa = PBXFileReference; includeInIndex = 1; lastKnownFileType = text.xcconfig; name = "Pods-QuickAction.debug.xcconfig"; path = "Target Support Files/Pods-QuickAction/Pods-QuickAction.debug.xcconfig"; sourceTree = "<group>"; };
		C3A972F129A0A7D9002FDDCE /* QuickAction.app */ = {isa = PBXFileReference; explicitFileType = wrapper.application; includeInIndex = 0; path = QuickAction.app; sourceTree = BUILT_PRODUCTS_DIR; };
		C3A972F429A0A7D9002FDDCE /* AppDelegate.swift */ = {isa = PBXFileReference; lastKnownFileType = sourcecode.swift; path = AppDelegate.swift; sourceTree = "<group>"; };
		C3A972F629A0A7D9002FDDCE /* SceneDelegate.swift */ = {isa = PBXFileReference; lastKnownFileType = sourcecode.swift; path = SceneDelegate.swift; sourceTree = "<group>"; };
		C3A972F829A0A7D9002FDDCE /* ViewController.swift */ = {isa = PBXFileReference; lastKnownFileType = sourcecode.swift; path = ViewController.swift; sourceTree = "<group>"; };
		C3A972FB29A0A7D9002FDDCE /* Base */ = {isa = PBXFileReference; lastKnownFileType = file.storyboard; name = Base; path = Base.lproj/Main.storyboard; sourceTree = "<group>"; };
		C3A972FD29A0A7DB002FDDCE /* Assets.xcassets */ = {isa = PBXFileReference; lastKnownFileType = folder.assetcatalog; path = Assets.xcassets; sourceTree = "<group>"; };
		C3A9730029A0A7DB002FDDCE /* Base */ = {isa = PBXFileReference; lastKnownFileType = file.storyboard; name = Base; path = Base.lproj/LaunchScreen.storyboard; sourceTree = "<group>"; };
		C3A9730229A0A7DB002FDDCE /* Info.plist */ = {isa = PBXFileReference; lastKnownFileType = text.plist.xml; path = Info.plist; sourceTree = "<group>"; };
/* End PBXFileReference section */

/* Begin PBXFrameworksBuildPhase section */
		C3A972EE29A0A7D9002FDDCE /* Frameworks */ = {
			isa = PBXFrameworksBuildPhase;
			buildActionMask = 2147483647;
			files = (
				1324A58D2139548068766DF8 /* Pods_QuickAction.framework in Frameworks */,
			);
			runOnlyForDeploymentPostprocessing = 0;
		};
/* End PBXFrameworksBuildPhase section */

/* Begin PBXGroup section */
		21EB8141DF5E566CC472173E /* Frameworks */ = {
			isa = PBXGroup;
			children = (
				5B869A61A711387937179F04 /* Pods_QuickAction.framework */,
			);
			name = Frameworks;
			sourceTree = "<group>";
		};
		945CC6F4F45C06D2C5A63DDD /* Pods */ = {
			isa = PBXGroup;
			children = (
				A7E6297187F205D13C65313C /* Pods-QuickAction.debug.xcconfig */,
				1D0F7A25153E98ABDA1A6864 /* Pods-QuickAction.release.xcconfig */,
			);
			name = Pods;
			path = Pods;
			sourceTree = "<group>";
		};
		C3A972E829A0A7D9002FDDCE = {
			isa = PBXGroup;
			children = (
				C3A972F329A0A7D9002FDDCE /* QuickAction */,
				C3A972F229A0A7D9002FDDCE /* Products */,
				945CC6F4F45C06D2C5A63DDD /* Pods */,
				21EB8141DF5E566CC472173E /* Frameworks */,
			);
			sourceTree = "<group>";
		};
		C3A972F229A0A7D9002FDDCE /* Products */ = {
			isa = PBXGroup;
			children = (
				C3A972F129A0A7D9002FDDCE /* QuickAction.app */,
			);
			name = Products;
			sourceTree = "<group>";
		};
		C3A972F329A0A7D9002FDDCE /* QuickAction */ = {
			isa = PBXGroup;
			children = (
				C3A972F429A0A7D9002FDDCE /* AppDelegate.swift */,
				C3A972F629A0A7D9002FDDCE /* SceneDelegate.swift */,
				C3A972F829A0A7D9002FDDCE /* ViewController.swift */,
				C3A972FA29A0A7D9002FDDCE /* Main.storyboard */,
				C3A972FD29A0A7DB002FDDCE /* Assets.xcassets */,
				C3A972FF29A0A7DB002FDDCE /* LaunchScreen.storyboard */,
				C3A9730229A0A7DB002FDDCE /* Info.plist */,
			);
			path = QuickAction;
			sourceTree = "<group>";
		};
/* End PBXGroup section */

/* Begin PBXNativeTarget section */
		C3A972F029A0A7D9002FDDCE /* QuickAction */ = {
			isa = PBXNativeTarget;
			buildConfigurationList = C3A9730529A0A7DB002FDDCE /* Build configuration list for PBXNativeTarget "QuickAction" */;
			buildPhases = (
				B3A2CDD732512043C7A87560 /* [CP] Check Pods Manifest.lock */,
				C3A972ED29A0A7D9002FDDCE /* Sources */,
				C3A972EE29A0A7D9002FDDCE /* Frameworks */,
				C3A972EF29A0A7D9002FDDCE /* Resources */,
				6C71C26C611BC7ACD95ABA70 /* [CP] Embed Pods Frameworks */,
			);
			buildRules = (
			);
			dependencies = (
			);
			name = QuickAction;
			productName = QuickAction;
			productReference = C3A972F129A0A7D9002FDDCE /* QuickAction.app */;
			productType = "com.apple.product-type.application";
		};
/* End PBXNativeTarget section */

/* Begin PBXProject section */
		C3A972E929A0A7D9002FDDCE /* Project object */ = {
			isa = PBXProject;
			attributes = {
				BuildIndependentTargetsInParallel = 1;
				LastSwiftUpdateCheck = 1420;
				LastUpgradeCheck = 1420;
				TargetAttributes = {
					C3A972F029A0A7D9002FDDCE = {
						CreatedOnToolsVersion = 14.2;
					};
				};
			};
			buildConfigurationList = C3A972EC29A0A7D9002FDDCE /* Build configuration list for PBXProject "QuickAction" */;
			compatibilityVersion = "Xcode 14.0";
			developmentRegion = en;
			hasScannedForEncodings = 0;
			knownRegions = (
				en,
				Base,
			);
			mainGroup = C3A972E829A0A7D9002FDDCE;
			productRefGroup = C3A972F229A0A7D9002FDDCE /* Products */;
			projectDirPath = "";
			projectRoot = "";
			targets = (
				C3A972F029A0A7D9002FDDCE /* QuickAction */,
			);
		};
/* End PBXProject section */

/* Begin PBXResourcesBuildPhase section */
		C3A972EF29A0A7D9002FDDCE /* Resources */ = {
			isa = PBXResourcesBuildPhase;
			buildActionMask = 2147483647;
			files = (
				C3A9730129A0A7DB002FDDCE /* LaunchScreen.storyboard in Resources */,
				C3A972FE29A0A7DB002FDDCE /* Assets.xcassets in Resources */,
				C3A972FC29A0A7D9002FDDCE /* Main.storyboard in Resources */,
			);
			runOnlyForDeploymentPostprocessing = 0;
		};
/* End PBXResourcesBuildPhase section */

/* Begin PBXShellScriptBuildPhase section */
		6C71C26C611BC7ACD95ABA70 /* [CP] Embed Pods Frameworks */ = {
			isa = PBXShellScriptBuildPhase;
			buildActionMask = 2147483647;
			files = (
			);
			inputFileListPaths = (
				"${PODS_ROOT}/Target Support Files/Pods-QuickAction/Pods-QuickAction-frameworks-${CONFIGURATION}-input-files.xcfilelist",
			);
			name = "[CP] Embed Pods Frameworks";
			outputFileListPaths = (
				"${PODS_ROOT}/Target Support Files/Pods-QuickAction/Pods-QuickAction-frameworks-${CONFIGURATION}-output-files.xcfilelist",
			);
			runOnlyForDeploymentPostprocessing = 0;
			shellPath = /bin/sh;
			shellScript = "\"${PODS_ROOT}/Target Support Files/Pods-QuickAction/Pods-QuickAction-frameworks.sh\"\n";
			showEnvVarsInLog = 0;
		};
		B3A2CDD732512043C7A87560 /* [CP] Check Pods Manifest.lock */ = {
			isa = PBXShellScriptBuildPhase;
			buildActionMask = 2147483647;
			files = (
			);
			inputFileListPaths = (
			);
			inputPaths = (
				"${PODS_PODFILE_DIR_PATH}/Podfile.lock",
				"${PODS_ROOT}/Manifest.lock",
			);
			name = "[CP] Check Pods Manifest.lock";
			outputFileListPaths = (
			);
			outputPaths = (
				"$(DERIVED_FILE_DIR)/Pods-QuickAction-checkManifestLockResult.txt",
			);
			runOnlyForDeploymentPostprocessing = 0;
			shellPath = /bin/sh;
			shellScript = "diff \"${PODS_PODFILE_DIR_PATH}/Podfile.lock\" \"${PODS_ROOT}/Manifest.lock\" > /dev/null\nif [ $? != 0 ] ; then\n    # print error to STDERR\n    echo \"error: The sandbox is not in sync with the Podfile.lock. Run 'pod install' or update your CocoaPods installation.\" >&2\n    exit 1\nfi\n# This output is used by Xcode 'outputs' to avoid re-running this script phase.\necho \"SUCCESS\" > \"${SCRIPT_OUTPUT_FILE_0}\"\n";
			showEnvVarsInLog = 0;
		};
/* End PBXShellScriptBuildPhase section */

/* Begin PBXSourcesBuildPhase section */
		C3A972ED29A0A7D9002FDDCE /* Sources */ = {
			isa = PBXSourcesBuildPhase;
			buildActionMask = 2147483647;
			files = (
				C3A972F929A0A7D9002FDDCE /* ViewController.swift in Sources */,
				C3A972F529A0A7D9002FDDCE /* AppDelegate.swift in Sources */,
				C3A972F729A0A7D9002FDDCE /* SceneDelegate.swift in Sources */,
			);
			runOnlyForDeploymentPostprocessing = 0;
		};
/* End PBXSourcesBuildPhase section */

/* Begin PBXVariantGroup section */
		C3A972FA29A0A7D9002FDDCE /* Main.storyboard */ = {
			isa = PBXVariantGroup;
			children = (
				C3A972FB29A0A7D9002FDDCE /* Base */,
			);
			name = Main.storyboard;
			sourceTree = "<group>";
		};
		C3A972FF29A0A7DB002FDDCE /* LaunchScreen.storyboard */ = {
			isa = PBXVariantGroup;
			children = (
				C3A9730029A0A7DB002FDDCE /* Base */,
			);
			name = LaunchScreen.storyboard;
			sourceTree = "<group>";
		};
/* End PBXVariantGroup section */

/* Begin XCBuildConfiguration section */
		C3A9730329A0A7DB002FDDCE /* Debug */ = {
			isa = XCBuildConfiguration;
			buildSettings = {
				ALWAYS_SEARCH_USER_PATHS = NO;
				CLANG_ANALYZER_NONNULL = YES;
				CLANG_ANALYZER_NUMBER_OBJECT_CONVERSION = YES_AGGRESSIVE;
				CLANG_CXX_LANGUAGE_STANDARD = "gnu++20";
				CLANG_ENABLE_MODULES = YES;
				CLANG_ENABLE_OBJC_ARC = YES;
				CLANG_ENABLE_OBJC_WEAK = YES;
				CLANG_WARN_BLOCK_CAPTURE_AUTORELEASING = YES;
				CLANG_WARN_BOOL_CONVERSION = YES;
				CLANG_WARN_COMMA = YES;
				CLANG_WARN_CONSTANT_CONVERSION = YES;
				CLANG_WARN_DEPRECATED_OBJC_IMPLEMENTATIONS = YES;
				CLANG_WARN_DIRECT_OBJC_ISA_USAGE = YES_ERROR;
				CLANG_WARN_DOCUMENTATION_COMMENTS = YES;
				CLANG_WARN_EMPTY_BODY = YES;
				CLANG_WARN_ENUM_CONVERSION = YES;
				CLANG_WARN_INFINITE_RECURSION = YES;
				CLANG_WARN_INT_CONVERSION = YES;
				CLANG_WARN_NON_LITERAL_NULL_CONVERSION = YES;
				CLANG_WARN_OBJC_IMPLICIT_RETAIN_SELF = YES;
				CLANG_WARN_OBJC_LITERAL_CONVERSION = YES;
				CLANG_WARN_OBJC_ROOT_CLASS = YES_ERROR;
				CLANG_WARN_QUOTED_INCLUDE_IN_FRAMEWORK_HEADER = YES;
				CLANG_WARN_RANGE_LOOP_ANALYSIS = YES;
				CLANG_WARN_STRICT_PROTOTYPES = YES;
				CLANG_WARN_SUSPICIOUS_MOVE = YES;
				CLANG_WARN_UNGUARDED_AVAILABILITY = YES_AGGRESSIVE;
				CLANG_WARN_UNREACHABLE_CODE = YES;
				CLANG_WARN__DUPLICATE_METHOD_MATCH = YES;
				COPY_PHASE_STRIP = NO;
				DEBUG_INFORMATION_FORMAT = dwarf;
				ENABLE_STRICT_OBJC_MSGSEND = YES;
				ENABLE_TESTABILITY = YES;
				GCC_C_LANGUAGE_STANDARD = gnu11;
				GCC_DYNAMIC_NO_PIC = NO;
				GCC_NO_COMMON_BLOCKS = YES;
				GCC_OPTIMIZATION_LEVEL = 0;
				GCC_PREPROCESSOR_DEFINITIONS = (
					"DEBUG=1",
					"$(inherited)",
				);
				GCC_WARN_64_TO_32_BIT_CONVERSION = YES;
				GCC_WARN_ABOUT_RETURN_TYPE = YES_ERROR;
				GCC_WARN_UNDECLARED_SELECTOR = YES;
				GCC_WARN_UNINITIALIZED_AUTOS = YES_AGGRESSIVE;
				GCC_WARN_UNUSED_FUNCTION = YES;
				GCC_WARN_UNUSED_VARIABLE = YES;
				IPHONEOS_DEPLOYMENT_TARGET = 16.2;
				MTL_ENABLE_DEBUG_INFO = INCLUDE_SOURCE;
				MTL_FAST_MATH = YES;
				ONLY_ACTIVE_ARCH = YES;
				SDKROOT = iphoneos;
				SWIFT_ACTIVE_COMPILATION_CONDITIONS = DEBUG;
				SWIFT_OPTIMIZATION_LEVEL = "-Onone";
			};
			name = Debug;
		};
		C3A9730429A0A7DB002FDDCE /* Release */ = {
			isa = XCBuildConfiguration;
			buildSettings = {
				ALWAYS_SEARCH_USER_PATHS = NO;
				CLANG_ANALYZER_NONNULL = YES;
				CLANG_ANALYZER_NUMBER_OBJECT_CONVERSION = YES_AGGRESSIVE;
				CLANG_CXX_LANGUAGE_STANDARD = "gnu++20";
				CLANG_ENABLE_MODULES = YES;
				CLANG_ENABLE_OBJC_ARC = YES;
				CLANG_ENABLE_OBJC_WEAK = YES;
				CLANG_WARN_BLOCK_CAPTURE_AUTORELEASING = YES;
				CLANG_WARN_BOOL_CONVERSION = YES;
				CLANG_WARN_COMMA = YES;
				CLANG_WARN_CONSTANT_CONVERSION = YES;
				CLANG_WARN_DEPRECATED_OBJC_IMPLEMENTATIONS = YES;
				CLANG_WARN_DIRECT_OBJC_ISA_USAGE = YES_ERROR;
				CLANG_WARN_DOCUMENTATION_COMMENTS = YES;
				CLANG_WARN_EMPTY_BODY = YES;
				CLANG_WARN_ENUM_CONVERSION = YES;
				CLANG_WARN_INFINITE_RECURSION = YES;
				CLANG_WARN_INT_CONVERSION = YES;
				CLANG_WARN_NON_LITERAL_NULL_CONVERSION = YES;
				CLANG_WARN_OBJC_IMPLICIT_RETAIN_SELF = YES;
				CLANG_WARN_OBJC_LITERAL_CONVERSION = YES;
				CLANG_WARN_OBJC_ROOT_CLASS = YES_ERROR;
				CLANG_WARN_QUOTED_INCLUDE_IN_FRAMEWORK_HEADER = YES;
				CLANG_WARN_RANGE_LOOP_ANALYSIS = YES;
				CLANG_WARN_STRICT_PROTOTYPES = YES;
				CLANG_WARN_SUSPICIOUS_MOVE = YES;
				CLANG_WARN_UNGUARDED_AVAILABILITY = YES_AGGRESSIVE;
				CLANG_WARN_UNREACHABLE_CODE = YES;
				CLANG_WARN__DUPLICATE_METHOD_MATCH = YES;
				COPY_PHASE_STRIP = NO;
				DEBUG_INFORMATION_FORMAT = "dwarf-with-dsym";
				ENABLE_NS_ASSERTIONS = NO;
				ENABLE_STRICT_OBJC_MSGSEND = YES;
				GCC_C_LANGUAGE_STANDARD = gnu11;
				GCC_NO_COMMON_BLOCKS = YES;
				GCC_WARN_64_TO_32_BIT_CONVERSION = YES;
				GCC_WARN_ABOUT_RETURN_TYPE = YES_ERROR;
				GCC_WARN_UNDECLARED_SELECTOR = YES;
				GCC_WARN_UNINITIALIZED_AUTOS = YES_AGGRESSIVE;
				GCC_WARN_UNUSED_FUNCTION = YES;
				GCC_WARN_UNUSED_VARIABLE = YES;
				IPHONEOS_DEPLOYMENT_TARGET = 16.2;
				MTL_ENABLE_DEBUG_INFO = NO;
				MTL_FAST_MATH = YES;
				SDKROOT = iphoneos;
				SWIFT_COMPILATION_MODE = wholemodule;
				SWIFT_OPTIMIZATION_LEVEL = "-O";
				VALIDATE_PRODUCT = YES;
			};
			name = Release;
		};
		C3A9730629A0A7DB002FDDCE /* Debug */ = {
			isa = XCBuildConfiguration;
			baseConfigurationReference = A7E6297187F205D13C65313C /* Pods-QuickAction.debug.xcconfig */;
			buildSettings = {
				ASSETCATALOG_COMPILER_APPICON_NAME = AppIcon;
				ASSETCATALOG_COMPILER_GLOBAL_ACCENT_COLOR_NAME = AccentColor;
				CODE_SIGN_STYLE = Automatic;
				CURRENT_PROJECT_VERSION = 1;
				DEVELOPMENT_TEAM = YQY5BZLH6Y;
				GENERATE_INFOPLIST_FILE = YES;
				INFOPLIST_FILE = QuickAction/Info.plist;
				INFOPLIST_KEY_UIApplicationSupportsIndirectInputEvents = YES;
				INFOPLIST_KEY_UILaunchStoryboardName = LaunchScreen;
				INFOPLIST_KEY_UIMainStoryboardFile = Main;
				INFOPLIST_KEY_UISupportedInterfaceOrientations_iPad = "UIInterfaceOrientationPortrait UIInterfaceOrientationPortraitUpsideDown UIInterfaceOrientationLandscapeLeft UIInterfaceOrientationLandscapeRight";
				INFOPLIST_KEY_UISupportedInterfaceOrientations_iPhone = "UIInterfaceOrientationPortrait UIInterfaceOrientationLandscapeLeft UIInterfaceOrientationLandscapeRight";
				LD_RUNPATH_SEARCH_PATHS = (
					"$(inherited)",
					"@executable_path/Frameworks",
				);
				MARKETING_VERSION = 1.0;
				PRODUCT_BUNDLE_IDENTIFIER = com.drewscheffer.QuickAction;
				PRODUCT_NAME = "$(TARGET_NAME)";
				SWIFT_EMIT_LOC_STRINGS = YES;
				SWIFT_VERSION = 5.0;
				TARGETED_DEVICE_FAMILY = "1,2";
			};
			name = Debug;
		};
		C3A9730729A0A7DB002FDDCE /* Release */ = {
			isa = XCBuildConfiguration;
			baseConfigurationReference = 1D0F7A25153E98ABDA1A6864 /* Pods-QuickAction.release.xcconfig */;
			buildSettings = {
				ASSETCATALOG_COMPILER_APPICON_NAME = AppIcon;
				ASSETCATALOG_COMPILER_GLOBAL_ACCENT_COLOR_NAME = AccentColor;
				CODE_SIGN_STYLE = Automatic;
				CURRENT_PROJECT_VERSION = 1;
				DEVELOPMENT_TEAM = YQY5BZLH6Y;
				GENERATE_INFOPLIST_FILE = YES;
				INFOPLIST_FILE = QuickAction/Info.plist;
				INFOPLIST_KEY_UIApplicationSupportsIndirectInputEvents = YES;
				INFOPLIST_KEY_UILaunchStoryboardName = LaunchScreen;
				INFOPLIST_KEY_UIMainStoryboardFile = Main;
				INFOPLIST_KEY_UISupportedInterfaceOrientations_iPad = "UIInterfaceOrientationPortrait UIInterfaceOrientationPortraitUpsideDown UIInterfaceOrientationLandscapeLeft UIInterfaceOrientationLandscapeRight";
				INFOPLIST_KEY_UISupportedInterfaceOrientations_iPhone = "UIInterfaceOrientationPortrait UIInterfaceOrientationLandscapeLeft UIInterfaceOrientationLandscapeRight";
				LD_RUNPATH_SEARCH_PATHS = (
					"$(inherited)",
					"@executable_path/Frameworks",
				);
				MARKETING_VERSION = 1.0;
				PRODUCT_BUNDLE_IDENTIFIER = com.drewscheffer.QuickAction;
				PRODUCT_NAME = "$(TARGET_NAME)";
				SWIFT_EMIT_LOC_STRINGS = YES;
				SWIFT_VERSION = 5.0;
				TARGETED_DEVICE_FAMILY = "1,2";
			};
			name = Release;
		};
/* End XCBuildConfiguration section */

/* Begin XCConfigurationList section */
		C3A972EC29A0A7D9002FDDCE /* Build configuration list for PBXProject "QuickAction" */ = {
			isa = XCConfigurationList;
			buildConfigurations = (
				C3A9730329A0A7DB002FDDCE /* Debug */,
				C3A9730429A0A7DB002FDDCE /* Release */,
			);
			defaultConfigurationIsVisible = 0;
			defaultConfigurationName = Release;
		};
		C3A9730529A0A7DB002FDDCE /* Build configuration list for PBXNativeTarget "QuickAction" */ = {
			isa = XCConfigurationList;
			buildConfigurations = (
				C3A9730629A0A7DB002FDDCE /* Debug */,
				C3A9730729A0A7DB002FDDCE /* Release */,
			);
			defaultConfigurationIsVisible = 0;
			defaultConfigurationName = Release;
		};
/* End XCConfigurationList section */
	};
	rootObject = C3A972E929A0A7D9002FDDCE /* Project object */;
}
